{
  "nodes": {
    "flake-utils": {
      "inputs": {
        "systems": "systems"
      },
      "locked": {
        "lastModified": 1681202837,
        "narHash": "sha256-H+Rh19JDwRtpVPAWp64F+rlEtxUWBAQW28eAi3SRSzg=",
        "owner": "numtide",
        "repo": "flake-utils",
        "rev": "cfacdce06f30d2b68473a46042957675eebb3401",
        "type": "github"
      },
      "original": {
        "owner": "numtide",
        "repo": "flake-utils",
        "type": "github"
      }
    },
    "graphia": {
      "flake": false,
      "locked": {
        "lastModified": 1684252783,
        "narHash": "sha256-6Wh3wYElYn+9QrgdPKCB0VVGfkz10UYytWWOaUfGJF4=",
        "owner": "graphia-app",
        "repo": "graphia",
        "rev": "a840ce03d37e57051ca25b45f331f54f744a2518",
        "type": "github"
      },
      "original": {
        "owner": "graphia-app",
        "repo": "graphia",
        "type": "github"
      }
    },
    "nixpkgs": {
      "locked": {
        "lastModified": 1684235118,
        "narHash": "sha256-JD7NwYwGvKI0ggjkYGV+H4splbxNkvYukXmY98ezVJM=",
        "owner": "nixos",
        "repo": "nixpkgs",
        "rev": "0654010f014b029b9bb82fe2e9e95da29fa2ec92",
        "type": "github"
      },
      "original": {
        "owner": "nixos",
        "ref": "release-22.11",
        "repo": "nixpkgs",
        "type": "github"
      }
    },
    "root": {
      "inputs": {
        "flake-utils": "flake-utils",
        "graphia": "graphia",
        "nixpkgs": "nixpkgs"
      }
    },
    "systems": {
      "locked": {
        "lastModified": 1681028828,
        "narHash": "sha256-Vy1rq5AaRuLzOxct8nz4T6wlgyUR7zLU309k9mBC768=",
        "owner": "nix-systems",
        "repo": "default",
        "rev": "da67096a3b9bf56a91d16901293e51ba5b49a27e",
        "type": "github"
      },
      "original": {
        "owner": "nix-systems",
        "repo": "default",
        "type": "github"
      }
    }
  },
  "root": "root",
  "version": 7
}
