{
  "nodes": {
    "flake-utils": {
      "inputs": {
        "systems": "systems"
      },
      "locked": {
        "lastModified": 1709126324,
        "narHash": "sha256-q6EQdSeUZOG26WelxqkmR7kArjgWCdw5sfJVHPH/7j8=",
        "owner": "numtide",
        "repo": "flake-utils",
        "rev": "d465f4819400de7c8d874d50b982301f28a84605",
        "type": "github"
      },
      "original": {
        "owner": "numtide",
        "repo": "flake-utils",
        "type": "github"
      }
    },
    "graphia": {
      "flake": false,
      "locked": {
        "lastModified": 1705950135,
        "narHash": "sha256-bfvoQdjoOupmjyVTUo3D4P8uOgbNI36W0Nxdcs5vT1c=",
        "owner": "graphia-app",
        "repo": "graphia",
        "rev": "9be4913750b0167e7bf962fed69a4c2b48330f04",
        "type": "github"
      },
      "original": {
        "owner": "graphia-app",
        "repo": "graphia",
        "type": "github"
      }
    },
    "nixpkgs": {
      "locked": {
        "lastModified": 1709428628,
        "narHash": "sha256-//ZCCnpVai/ShtO2vPjh3AWgo8riXCaret6V9s7Hew4=",
        "owner": "nixos",
        "repo": "nixpkgs",
        "rev": "66d65cb00b82ffa04ee03347595aa20e41fe3555",
        "type": "github"
      },
      "original": {
        "owner": "nixos",
        "ref": "release-23.11",
        "repo": "nixpkgs",
        "type": "github"
      }
    },
    "root": {
      "inputs": {
        "flake-utils": "flake-utils",
        "graphia": "graphia",
        "nixpkgs": "nixpkgs"
      }
    },
    "systems": {
      "locked": {
        "lastModified": 1681028828,
        "narHash": "sha256-Vy1rq5AaRuLzOxct8nz4T6wlgyUR7zLU309k9mBC768=",
        "owner": "nix-systems",
        "repo": "default",
        "rev": "da67096a3b9bf56a91d16901293e51ba5b49a27e",
        "type": "github"
      },
      "original": {
        "owner": "nix-systems",
        "repo": "default",
        "type": "github"
      }
    }
  },
  "root": "root",
  "version": 7
}
